
Microsoft Visual Studio Solution File, Format Version 12.00
# Visual Studio Version 17
VisualStudioVersion = 17.2.32519.379
MinimumVisualStudioVersion = 10.0.40219.1
Project("{FAE04EC0-301F-11D3-BF4B-00C04F79EFBC}") = "SocialNetwork.Web", "SocialNetwork.Web\SocialNetwork.Web.csproj", "{B3B1287A-8810-4135-BA39-A7AA8DC41020}"
EndProject
Project("{FAE04EC0-301F-11D3-BF4B-00C04F79EFBC}") = "SocialNetwork.Core", "SocialNetwork.Core\SocialNetwork.Core.csproj", "{6041AA10-DAAC-4CA1-8679-03A5E00AE9F2}"
EndProject
Project("{FAE04EC0-301F-11D3-BF4B-00C04F79EFBC}") = "SocialNetwork.DAL", "SocialNetwork.DAL\SocialNetwork.DAL.csproj", "{BF10DC6B-54C7-4D6F-A50D-E7A21CDC34B8}"
EndProject
Global
	GlobalSection(SolutionConfigurationPlatforms) = preSolution
		Debug|Any CPU = Debug|Any CPU
		Release|Any CPU = Release|Any CPU
	EndGlobalSection
	GlobalSection(ProjectConfigurationPlatforms) = postSolution
		{B3B1287A-8810-4135-BA39-A7AA8DC41020}.Debug|Any CPU.ActiveCfg = Debug|Any CPU
		{B3B1287A-8810-4135-BA39-A7AA8DC41020}.Debug|Any CPU.Build.0 = Debug|Any CPU
		{B3B1287A-8810-4135-BA39-A7AA8DC41020}.Release|Any CPU.ActiveCfg = Release|Any CPU
		{B3B1287A-8810-4135-BA39-A7AA8DC41020}.Release|Any CPU.Build.0 = Release|Any CPU
		{6041AA10-DAAC-4CA1-8679-03A5E00AE9F2}.Debug|Any CPU.ActiveCfg = Debug|Any CPU
		{6041AA10-DAAC-4CA1-8679-03A5E00AE9F2}.Debug|Any CPU.Build.0 = Debug|Any CPU
		{6041AA10-DAAC-4CA1-8679-03A5E00AE9F2}.Release|Any CPU.ActiveCfg = Release|Any CPU
		{6041AA10-DAAC-4CA1-8679-03A5E00AE9F2}.Release|Any CPU.Build.0 = Release|Any CPU
		{BF10DC6B-54C7-4D6F-A50D-E7A21CDC34B8}.Debug|Any CPU.ActiveCfg = Debug|Any CPU
		{BF10DC6B-54C7-4D6F-A50D-E7A21CDC34B8}.Debug|Any CPU.Build.0 = Debug|Any CPU
		{BF10DC6B-54C7-4D6F-A50D-E7A21CDC34B8}.Release|Any CPU.ActiveCfg = Release|Any CPU
		{BF10DC6B-54C7-4D6F-A50D-E7A21CDC34B8}.Release|Any CPU.Build.0 = Release|Any CPU
	EndGlobalSection
	GlobalSection(SolutionProperties) = preSolution
		HideSolutionNode = FALSE
	EndGlobalSection
	GlobalSection(ExtensibilityGlobals) = postSolution
		SolutionGuid = {825C9F40-81DC-4C8C-B163-C408AB397028}
	EndGlobalSection
EndGlobal
